
Microsoft Visual Studio Solution File, Format Version 12.00
# Visual Studio Version 17
VisualStudioVersion = 17.0.31903.59
MinimumVisualStudioVersion = 10.0.40219.1
Project("{FAE04EC0-301F-11D3-BF4B-00C04F79EFBC}") = "API", "API\API.csproj", "{DD1B40CD-5E48-4BDA-88D7-42789DE312B7}"
EndProject
Project("{FAE04EC0-301F-11D3-BF4B-00C04F79EFBC}") = "Core", "Core\Core.csproj", "{C7E00A7D-E057-48AE-B339-B65720021651}"
EndProject
Project("{FAE04EC0-301F-11D3-BF4B-00C04F79EFBC}") = "Infrastructure", "Infrastructure\Infrastructure.csproj", "{55E188AE-D1F3-4624-B03D-22AD649D2962}"
EndProject
Global
	GlobalSection(SolutionConfigurationPlatforms) = preSolution
		Debug|Any CPU = Debug|Any CPU
		Release|Any CPU = Release|Any CPU
	EndGlobalSection
	GlobalSection(SolutionProperties) = preSolution
		HideSolutionNode = FALSE
	EndGlobalSection
	GlobalSection(ProjectConfigurationPlatforms) = postSolution
		{DD1B40CD-5E48-4BDA-88D7-42789DE312B7}.Debug|Any CPU.ActiveCfg = Debug|Any CPU
		{DD1B40CD-5E48-4BDA-88D7-42789DE312B7}.Debug|Any CPU.Build.0 = Debug|Any CPU
		{DD1B40CD-5E48-4BDA-88D7-42789DE312B7}.Release|Any CPU.ActiveCfg = Release|Any CPU
		{DD1B40CD-5E48-4BDA-88D7-42789DE312B7}.Release|Any CPU.Build.0 = Release|Any CPU
		{C7E00A7D-E057-48AE-B339-B65720021651}.Debug|Any CPU.ActiveCfg = Debug|Any CPU
		{C7E00A7D-E057-48AE-B339-B65720021651}.Debug|Any CPU.Build.0 = Debug|Any CPU
		{C7E00A7D-E057-48AE-B339-B65720021651}.Release|Any CPU.ActiveCfg = Release|Any CPU
		{C7E00A7D-E057-48AE-B339-B65720021651}.Release|Any CPU.Build.0 = Release|Any CPU
		{55E188AE-D1F3-4624-B03D-22AD649D2962}.Debug|Any CPU.ActiveCfg = Debug|Any CPU
		{55E188AE-D1F3-4624-B03D-22AD649D2962}.Debug|Any CPU.Build.0 = Debug|Any CPU
		{55E188AE-D1F3-4624-B03D-22AD649D2962}.Release|Any CPU.ActiveCfg = Release|Any CPU
		{55E188AE-D1F3-4624-B03D-22AD649D2962}.Release|Any CPU.Build.0 = Release|Any CPU
	EndGlobalSection
EndGlobal
